
Microsoft Visual Studio Solution File, Format Version 12.00
# Visual Studio Version 17
VisualStudioVersion = 17.6.33815.320
MinimumVisualStudioVersion = 10.0.40219.1
Project("{9A19103F-16F7-4668-BE54-9A1E7A4F7556}") = "libVillageois", "Villageois\libVillageois.csproj", "{12F822E3-29BD-4DD8-BB0F-1BAFAE551BE5}"
EndProject
Project("{9A19103F-16F7-4668-BE54-9A1E7A4F7556}") = "cslVillageois", "cslVillageois\cslVillageois.csproj", "{96166276-56A5-4CAB-A4D5-7FBDF9B3470D}"
EndProject
Global
	GlobalSection(SolutionConfigurationPlatforms) = preSolution
		Debug|Any CPU = Debug|Any CPU
		Release|Any CPU = Release|Any CPU
	EndGlobalSection
	GlobalSection(ProjectConfigurationPlatforms) = postSolution
		{12F822E3-29BD-4DD8-BB0F-1BAFAE551BE5}.Debug|Any CPU.ActiveCfg = Debug|Any CPU
		{12F822E3-29BD-4DD8-BB0F-1BAFAE551BE5}.Debug|Any CPU.Build.0 = Debug|Any CPU
		{12F822E3-29BD-4DD8-BB0F-1BAFAE551BE5}.Release|Any CPU.ActiveCfg = Release|Any CPU
		{12F822E3-29BD-4DD8-BB0F-1BAFAE551BE5}.Release|Any CPU.Build.0 = Release|Any CPU
		{96166276-56A5-4CAB-A4D5-7FBDF9B3470D}.Debug|Any CPU.ActiveCfg = Debug|Any CPU
		{96166276-56A5-4CAB-A4D5-7FBDF9B3470D}.Debug|Any CPU.Build.0 = Debug|Any CPU
		{96166276-56A5-4CAB-A4D5-7FBDF9B3470D}.Release|Any CPU.ActiveCfg = Release|Any CPU
		{96166276-56A5-4CAB-A4D5-7FBDF9B3470D}.Release|Any CPU.Build.0 = Release|Any CPU
	EndGlobalSection
	GlobalSection(SolutionProperties) = preSolution
		HideSolutionNode = FALSE
	EndGlobalSection
	GlobalSection(ExtensibilityGlobals) = postSolution
		SolutionGuid = {A31AD94A-94D4-4379-8D7E-498C549A70AD}
	EndGlobalSection
EndGlobal
